
Microsoft Visual Studio Solution File, Format Version 12.00
# Visual Studio Version 17
VisualStudioVersion = 17.7.34031.279
MinimumVisualStudioVersion = 10.0.40219.1
Project("{FAE04EC0-301F-11D3-BF4B-00C04F79EFBC}") = "Portafolio_XGVC", "Portafolio_XGVC.csproj", "{21E42A8E-550A-47EE-ABF3-8C082F32E683}"
EndProject
Global
	GlobalSection(SolutionConfigurationPlatforms) = preSolution
		Debug|Any CPU = Debug|Any CPU
		Release|Any CPU = Release|Any CPU
	EndGlobalSection
	GlobalSection(ProjectConfigurationPlatforms) = postSolution
		{21E42A8E-550A-47EE-ABF3-8C082F32E683}.Debug|Any CPU.ActiveCfg = Debug|Any CPU
		{21E42A8E-550A-47EE-ABF3-8C082F32E683}.Debug|Any CPU.Build.0 = Debug|Any CPU
		{21E42A8E-550A-47EE-ABF3-8C082F32E683}.Release|Any CPU.ActiveCfg = Release|Any CPU
		{21E42A8E-550A-47EE-ABF3-8C082F32E683}.Release|Any CPU.Build.0 = Release|Any CPU
	EndGlobalSection
	GlobalSection(SolutionProperties) = preSolution
		HideSolutionNode = FALSE
	EndGlobalSection
	GlobalSection(ExtensibilityGlobals) = postSolution
		SolutionGuid = {54BDFA77-5B91-4AA2-8D05-69A408FEAB49}
	EndGlobalSection
EndGlobal
